// !$*UTF8*$!
{
	archiveVersion = 1;
	classes = {
	};
	objectVersion = 56;
	objects = {

/* Begin PBXBuildFile section */
		420145F82B8DC26700A39403 /* TicketInfoViewController.swift in Sources */ = {isa = PBXBuildFile; fileRef = 420145F72B8DC26700A39403 /* TicketInfoViewController.swift */; };
		422502FF2B90ECEA00A7281A /* CoreDataService.swift in Sources */ = {isa = PBXBuildFile; fileRef = 422502FE2B90ECEA00A7281A /* CoreDataService.swift */; };
		423C4A8E2B90FB830090A75A /* CoreDataModel.xcdatamodeld in Sources */ = {isa = PBXBuildFile; fileRef = 423C4A8C2B90FB830090A75A /* CoreDataModel.xcdatamodeld */; };
		4243135B2B973DB2008DA612 /* Ticket+CoreDataClass.swift in Sources */ = {isa = PBXBuildFile; fileRef = 424313592B973DB2008DA612 /* Ticket+CoreDataClass.swift */; };
		4243135C2B973DB2008DA612 /* Ticket+CoreDataProperties.swift in Sources */ = {isa = PBXBuildFile; fileRef = 4243135A2B973DB2008DA612 /* Ticket+CoreDataProperties.swift */; };
		4243135E2B9742F5008DA612 /* FavouriteTicketList.storyboard in Resources */ = {isa = PBXBuildFile; fileRef = 4243135D2B9742F5008DA612 /* FavouriteTicketList.storyboard */; };
		424313602B97442C008DA612 /* FavouriteTicketListViewController.swift in Sources */ = {isa = PBXBuildFile; fileRef = 4243135F2B97442C008DA612 /* FavouriteTicketListViewController.swift */; };
		424313642B9758E1008DA612 /* FavouriteTicketInfo.storyboard in Resources */ = {isa = PBXBuildFile; fileRef = 424313632B9758E1008DA612 /* FavouriteTicketInfo.storyboard */; };
		424313662B975A30008DA612 /* FavouriteTicketInfoViewController.swift in Sources */ = {isa = PBXBuildFile; fileRef = 424313652B975A30008DA612 /* FavouriteTicketInfoViewController.swift */; };
		42A0C6902BA316D400263632 /* TicketInfoViewModel.swift in Sources */ = {isa = PBXBuildFile; fileRef = 42A0C68F2BA316D400263632 /* TicketInfoViewModel.swift */; };
		42A0C6942BA31B9400263632 /* TicketInfoDisplayModel.swift in Sources */ = {isa = PBXBuildFile; fileRef = 42A0C6932BA31B9400263632 /* TicketInfoDisplayModel.swift */; };
		42A0C6962BA361A300263632 /* String.swift in Sources */ = {isa = PBXBuildFile; fileRef = 42A0C6952BA361A300263632 /* String.swift */; };
		42A0C69A2BA366D300263632 /* Alerts.swift in Sources */ = {isa = PBXBuildFile; fileRef = 42A0C6992BA366D300263632 /* Alerts.swift */; };
		42A0C69C2BA3704F00263632 /* FavouriteTicketListViewModel.swift in Sources */ = {isa = PBXBuildFile; fileRef = 42A0C69B2BA3704F00263632 /* FavouriteTicketListViewModel.swift */; };
		42A0C69E2BA8710200263632 /* SegmentedControlCases.swift in Sources */ = {isa = PBXBuildFile; fileRef = 42A0C69D2BA8710200263632 /* SegmentedControlCases.swift */; };
		42A0C6A02BA9F02200263632 /* FavouriteTicketInfoViewModel.swift in Sources */ = {isa = PBXBuildFile; fileRef = 42A0C69F2BA9F02200263632 /* FavouriteTicketInfoViewModel.swift */; };
		42A0C6A22BA9F34600263632 /* Animations.swift in Sources */ = {isa = PBXBuildFile; fileRef = 42A0C6A12BA9F34600263632 /* Animations.swift */; };
		42A0C6A42BA9F7D400263632 /* BackBarItem.swift in Sources */ = {isa = PBXBuildFile; fileRef = 42A0C6A32BA9F7D400263632 /* BackBarItem.swift */; };
		42BCA5632B87755200CF3291 /* AppDelegate.swift in Sources */ = {isa = PBXBuildFile; fileRef = 42BCA5622B87755200CF3291 /* AppDelegate.swift */; };
		42BCA5652B87755200CF3291 /* SceneDelegate.swift in Sources */ = {isa = PBXBuildFile; fileRef = 42BCA5642B87755200CF3291 /* SceneDelegate.swift */; };
		42BCA5672B87755200CF3291 /* MainViewController.swift in Sources */ = {isa = PBXBuildFile; fileRef = 42BCA5662B87755200CF3291 /* MainViewController.swift */; };
		42BCA56A2B87755200CF3291 /* Main.storyboard in Resources */ = {isa = PBXBuildFile; fileRef = 42BCA5682B87755200CF3291 /* Main.storyboard */; };
		42BCA56F2B87755400CF3291 /* Assets.xcassets in Resources */ = {isa = PBXBuildFile; fileRef = 42BCA56E2B87755400CF3291 /* Assets.xcassets */; };
		42BCA5722B87755400CF3291 /* LaunchScreen.storyboard in Resources */ = {isa = PBXBuildFile; fileRef = 42BCA5702B87755400CF3291 /* LaunchScreen.storyboard */; };
		42BCA57C2B87A9B800CF3291 /* NetworkService.swift in Sources */ = {isa = PBXBuildFile; fileRef = 42BCA57B2B87A9B800CF3291 /* NetworkService.swift */; };
		42BCA57E2B87AF3100CF3291 /* TicketList.storyboard in Resources */ = {isa = PBXBuildFile; fileRef = 42BCA57D2B87AF3100CF3291 /* TicketList.storyboard */; };
		42BFD4AE2B9C84E500D4F424 /* TicketInfo.storyboard in Resources */ = {isa = PBXBuildFile; fileRef = 42BFD4AD2B9C84E500D4F424 /* TicketInfo.storyboard */; };
		42BFD4B02BA082F300D4F424 /* MapEarth.storyboard in Resources */ = {isa = PBXBuildFile; fileRef = 42BFD4AF2BA082F300D4F424 /* MapEarth.storyboard */; };
		42BFD4B22BA084A500D4F424 /* MapEarthViewController.swift in Sources */ = {isa = PBXBuildFile; fileRef = 42BFD4B12BA084A500D4F424 /* MapEarthViewController.swift */; };
		42BFD4BA2BA0BD0C00D4F424 /* LocationService.swift in Sources */ = {isa = PBXBuildFile; fileRef = 42BFD4B92BA0BD0C00D4F424 /* LocationService.swift */; };
		42BFD4BC2BA0CF3600D4F424 /* TicketListViewModel.swift in Sources */ = {isa = PBXBuildFile; fileRef = 42BFD4BB2BA0CF3600D4F424 /* TicketListViewModel.swift */; };
		42BFD4BE2BA0DAF500D4F424 /* Screens.swift in Sources */ = {isa = PBXBuildFile; fileRef = 42BFD4BD2BA0DAF500D4F424 /* Screens.swift */; };
		42C26AE32B8C8F2700F270F8 /* TicketListModel.swift in Sources */ = {isa = PBXBuildFile; fileRef = 42C26AE22B8C8F2700F270F8 /* TicketListModel.swift */; };
		42C26AE52B8C8F3E00F270F8 /* TicketInfoModel.swift in Sources */ = {isa = PBXBuildFile; fileRef = 42C26AE42B8C8F3E00F270F8 /* TicketInfoModel.swift */; };
		42C26AEA2B8C991A00F270F8 /* TicketListViewController.swift in Sources */ = {isa = PBXBuildFile; fileRef = 42C26AE92B8C991A00F270F8 /* TicketListViewController.swift */; };
		42C26AEC2B8C99A600F270F8 /* TicketListTableViewCell.swift in Sources */ = {isa = PBXBuildFile; fileRef = 42C26AEB2B8C99A600F270F8 /* TicketListTableViewCell.swift */; };
		42C26AF02B8CD25000F270F8 /* TicketListTableViewCell.xib in Resources */ = {isa = PBXBuildFile; fileRef = 42C26AEF2B8CD25000F270F8 /* TicketListTableViewCell.xib */; };
/* End PBXBuildFile section */

/* Begin PBXFileReference section */
		420145F72B8DC26700A39403 /* TicketInfoViewController.swift */ = {isa = PBXFileReference; lastKnownFileType = sourcecode.swift; path = TicketInfoViewController.swift; sourceTree = "<group>"; };
		422502FE2B90ECEA00A7281A /* CoreDataService.swift */ = {isa = PBXFileReference; lastKnownFileType = sourcecode.swift; path = CoreDataService.swift; sourceTree = "<group>"; };
		423C4A8D2B90FB830090A75A /* CoreDataModel.xcdatamodel */ = {isa = PBXFileReference; lastKnownFileType = wrapper.xcdatamodel; path = CoreDataModel.xcdatamodel; sourceTree = "<group>"; };
		424313592B973DB2008DA612 /* Ticket+CoreDataClass.swift */ = {isa = PBXFileReference; lastKnownFileType = sourcecode.swift; path = "Ticket+CoreDataClass.swift"; sourceTree = "<group>"; };
		4243135A2B973DB2008DA612 /* Ticket+CoreDataProperties.swift */ = {isa = PBXFileReference; lastKnownFileType = sourcecode.swift; path = "Ticket+CoreDataProperties.swift"; sourceTree = "<group>"; };
		4243135D2B9742F5008DA612 /* FavouriteTicketList.storyboard */ = {isa = PBXFileReference; lastKnownFileType = file.storyboard; path = FavouriteTicketList.storyboard; sourceTree = "<group>"; };
		4243135F2B97442C008DA612 /* FavouriteTicketListViewController.swift */ = {isa = PBXFileReference; lastKnownFileType = sourcecode.swift; path = FavouriteTicketListViewController.swift; sourceTree = "<group>"; };
		424313632B9758E1008DA612 /* FavouriteTicketInfo.storyboard */ = {isa = PBXFileReference; lastKnownFileType = file.storyboard; path = FavouriteTicketInfo.storyboard; sourceTree = "<group>"; };
		424313652B975A30008DA612 /* FavouriteTicketInfoViewController.swift */ = {isa = PBXFileReference; lastKnownFileType = sourcecode.swift; path = FavouriteTicketInfoViewController.swift; sourceTree = "<group>"; };
		42A0C68F2BA316D400263632 /* TicketInfoViewModel.swift */ = {isa = PBXFileReference; lastKnownFileType = sourcecode.swift; path = TicketInfoViewModel.swift; sourceTree = "<group>"; };
		42A0C6932BA31B9400263632 /* TicketInfoDisplayModel.swift */ = {isa = PBXFileReference; lastKnownFileType = sourcecode.swift; path = TicketInfoDisplayModel.swift; sourceTree = "<group>"; };
		42A0C6952BA361A300263632 /* String.swift */ = {isa = PBXFileReference; lastKnownFileType = sourcecode.swift; path = String.swift; sourceTree = "<group>"; };
		42A0C6992BA366D300263632 /* Alerts.swift */ = {isa = PBXFileReference; lastKnownFileType = sourcecode.swift; path = Alerts.swift; sourceTree = "<group>"; };
		42A0C69B2BA3704F00263632 /* FavouriteTicketListViewModel.swift */ = {isa = PBXFileReference; lastKnownFileType = sourcecode.swift; path = FavouriteTicketListViewModel.swift; sourceTree = "<group>"; };
		42A0C69D2BA8710200263632 /* SegmentedControlCases.swift */ = {isa = PBXFileReference; lastKnownFileType = sourcecode.swift; path = SegmentedControlCases.swift; sourceTree = "<group>"; };
		42A0C69F2BA9F02200263632 /* FavouriteTicketInfoViewModel.swift */ = {isa = PBXFileReference; lastKnownFileType = sourcecode.swift; path = FavouriteTicketInfoViewModel.swift; sourceTree = "<group>"; };
		42A0C6A12BA9F34600263632 /* Animations.swift */ = {isa = PBXFileReference; lastKnownFileType = sourcecode.swift; path = Animations.swift; sourceTree = "<group>"; };
		42A0C6A32BA9F7D400263632 /* BackBarItem.swift */ = {isa = PBXFileReference; lastKnownFileType = sourcecode.swift; path = BackBarItem.swift; sourceTree = "<group>"; };
		42BCA55F2B87755200CF3291 /* FinalProject-AviaSearch.app */ = {isa = PBXFileReference; explicitFileType = wrapper.application; includeInIndex = 0; path = "FinalProject-AviaSearch.app"; sourceTree = BUILT_PRODUCTS_DIR; };
		42BCA5622B87755200CF3291 /* AppDelegate.swift */ = {isa = PBXFileReference; lastKnownFileType = sourcecode.swift; path = AppDelegate.swift; sourceTree = "<group>"; };
		42BCA5642B87755200CF3291 /* SceneDelegate.swift */ = {isa = PBXFileReference; lastKnownFileType = sourcecode.swift; path = SceneDelegate.swift; sourceTree = "<group>"; };
		42BCA5662B87755200CF3291 /* MainViewController.swift */ = {isa = PBXFileReference; lastKnownFileType = sourcecode.swift; path = MainViewController.swift; sourceTree = "<group>"; };
		42BCA5692B87755200CF3291 /* Base */ = {isa = PBXFileReference; lastKnownFileType = file.storyboard; name = Base; path = Base.lproj/Main.storyboard; sourceTree = "<group>"; };
		42BCA56E2B87755400CF3291 /* Assets.xcassets */ = {isa = PBXFileReference; lastKnownFileType = folder.assetcatalog; path = Assets.xcassets; sourceTree = "<group>"; };
		42BCA5712B87755400CF3291 /* Base */ = {isa = PBXFileReference; lastKnownFileType = file.storyboard; name = Base; path = Base.lproj/LaunchScreen.storyboard; sourceTree = "<group>"; };
		42BCA5732B87755400CF3291 /* Info.plist */ = {isa = PBXFileReference; lastKnownFileType = text.plist.xml; path = Info.plist; sourceTree = "<group>"; };
		42BCA57B2B87A9B800CF3291 /* NetworkService.swift */ = {isa = PBXFileReference; lastKnownFileType = sourcecode.swift; path = NetworkService.swift; sourceTree = "<group>"; };
		42BCA57D2B87AF3100CF3291 /* TicketList.storyboard */ = {isa = PBXFileReference; lastKnownFileType = file.storyboard; path = TicketList.storyboard; sourceTree = "<group>"; };
		42BFD4A82B9A406400D4F424 /* ru */ = {isa = PBXFileReference; lastKnownFileType = text.plist.strings; name = ru; path = ru.lproj/LaunchScreen.strings; sourceTree = "<group>"; };
		42BFD4AB2B9A407500D4F424 /* be */ = {isa = PBXFileReference; lastKnownFileType = text.plist.strings; name = be; path = be.lproj/LaunchScreen.strings; sourceTree = "<group>"; };
		42BFD4AD2B9C84E500D4F424 /* TicketInfo.storyboard */ = {isa = PBXFileReference; fileEncoding = 4; lastKnownFileType = file.storyboard; path = TicketInfo.storyboard; sourceTree = "<group>"; };
		42BFD4AF2BA082F300D4F424 /* MapEarth.storyboard */ = {isa = PBXFileReference; lastKnownFileType = file.storyboard; path = MapEarth.storyboard; sourceTree = "<group>"; };
		42BFD4B12BA084A500D4F424 /* MapEarthViewController.swift */ = {isa = PBXFileReference; lastKnownFileType = sourcecode.swift; path = MapEarthViewController.swift; sourceTree = "<group>"; };
		42BFD4B92BA0BD0C00D4F424 /* LocationService.swift */ = {isa = PBXFileReference; lastKnownFileType = sourcecode.swift; path = LocationService.swift; sourceTree = "<group>"; };
		42BFD4BB2BA0CF3600D4F424 /* TicketListViewModel.swift */ = {isa = PBXFileReference; lastKnownFileType = sourcecode.swift; path = TicketListViewModel.swift; sourceTree = "<group>"; };
		42BFD4BD2BA0DAF500D4F424 /* Screens.swift */ = {isa = PBXFileReference; lastKnownFileType = sourcecode.swift; name = Screens.swift; path = "FinalProject-AviaSearch/Enums/Screens.swift"; sourceTree = SOURCE_ROOT; };
		42C26AE22B8C8F2700F270F8 /* TicketListModel.swift */ = {isa = PBXFileReference; lastKnownFileType = sourcecode.swift; path = TicketListModel.swift; sourceTree = "<group>"; };
		42C26AE42B8C8F3E00F270F8 /* TicketInfoModel.swift */ = {isa = PBXFileReference; lastKnownFileType = sourcecode.swift; path = TicketInfoModel.swift; sourceTree = "<group>"; };
		42C26AE92B8C991A00F270F8 /* TicketListViewController.swift */ = {isa = PBXFileReference; lastKnownFileType = sourcecode.swift; path = TicketListViewController.swift; sourceTree = "<group>"; };
		42C26AEB2B8C99A600F270F8 /* TicketListTableViewCell.swift */ = {isa = PBXFileReference; lastKnownFileType = sourcecode.swift; path = TicketListTableViewCell.swift; sourceTree = "<group>"; };
		42C26AEF2B8CD25000F270F8 /* TicketListTableViewCell.xib */ = {isa = PBXFileReference; lastKnownFileType = file.xib; path = TicketListTableViewCell.xib; sourceTree = "<group>"; };
/* End PBXFileReference section */

/* Begin PBXFrameworksBuildPhase section */
		42BCA55C2B87755200CF3291 /* Frameworks */ = {
			isa = PBXFrameworksBuildPhase;
			buildActionMask = 2147483647;
			files = (
			);
			runOnlyForDeploymentPostprocessing = 0;
		};
/* End PBXFrameworksBuildPhase section */

/* Begin PBXGroup section */
		422502FC2B90EC6C00A7281A /* Services */ = {
			isa = PBXGroup;
			children = (
				422502FE2B90ECEA00A7281A /* CoreDataService.swift */,
				42BCA57B2B87A9B800CF3291 /* NetworkService.swift */,
				42BFD4B92BA0BD0C00D4F424 /* LocationService.swift */,
			);
			path = Services;
			sourceTree = "<group>";
		};
		422502FD2B90EC9000A7281A /* Resourse */ = {
			isa = PBXGroup;
			children = (
				42BCA5642B87755200CF3291 /* SceneDelegate.swift */,
				42BCA5622B87755200CF3291 /* AppDelegate.swift */,
				42BCA56E2B87755400CF3291 /* Assets.xcassets */,
				42BCA5702B87755400CF3291 /* LaunchScreen.storyboard */,
			);
			path = Resourse;
			sourceTree = "<group>";
		};
		42A0C6972BA3630000263632 /* Enums */ = {
			isa = PBXGroup;
			children = (
				42BFD4BD2BA0DAF500D4F424 /* Screens.swift */,
				42A0C6992BA366D300263632 /* Alerts.swift */,
				42A0C69D2BA8710200263632 /* SegmentedControlCases.swift */,
			);
			path = Enums;
			sourceTree = "<group>";
		};
		42A0C6982BA3630F00263632 /* Extensions */ = {
			isa = PBXGroup;
			children = (
				42A0C6952BA361A300263632 /* String.swift */,
				42A0C6A12BA9F34600263632 /* Animations.swift */,
				42A0C6A32BA9F7D400263632 /* BackBarItem.swift */,
			);
			path = Extensions;
			sourceTree = "<group>";
		};
		42BCA5562B87755200CF3291 = {
			isa = PBXGroup;
			children = (
				42BCA5612B87755200CF3291 /* FinalProject-AviaSearch */,
				42BCA5602B87755200CF3291 /* Products */,
			);
			sourceTree = "<group>";
		};
		42BCA5602B87755200CF3291 /* Products */ = {
			isa = PBXGroup;
			children = (
				42BCA55F2B87755200CF3291 /* FinalProject-AviaSearch.app */,
			);
			name = Products;
			sourceTree = "<group>";
		};
		42BCA5612B87755200CF3291 /* FinalProject-AviaSearch */ = {
			isa = PBXGroup;
			children = (
				42BCA5732B87755400CF3291 /* Info.plist */,
				422502FD2B90EC9000A7281A /* Resourse */,
				422502FC2B90EC6C00A7281A /* Services */,
				42C26AE12B8C8F0D00F270F8 /* Models */,
				42A0C6972BA3630000263632 /* Enums */,
				42A0C6982BA3630F00263632 /* Extensions */,
				42BFD4B32BA0B82D00D4F424 /* MainScreen */,
				42C26AE82B8C981700F270F8 /* MapEarthScreen */,
				42BFD4B42BA0BBE700D4F424 /* TicketListScreen */,
				42BFD4B52BA0BC2700D4F424 /* TableViewCell */,
				42BFD4B62BA0BC5100D4F424 /* TicketInfoScreen */,
				42BFD4B72BA0BC7500D4F424 /* FavouriteTicketListScreen */,
				42BFD4B82BA0BCA300D4F424 /* FavouriteTicketInfoScreen */,
			);
			path = "FinalProject-AviaSearch";
			sourceTree = "<group>";
		};
		42BFD4B32BA0B82D00D4F424 /* MainScreen */ = {
			isa = PBXGroup;
			children = (
				42BCA5682B87755200CF3291 /* Main.storyboard */,
				42BCA5662B87755200CF3291 /* MainViewController.swift */,
			);
			path = MainScreen;
			sourceTree = "<group>";
		};
		42BFD4B42BA0BBE700D4F424 /* TicketListScreen */ = {
			isa = PBXGroup;
			children = (
				42BCA57D2B87AF3100CF3291 /* TicketList.storyboard */,
				42C26AE92B8C991A00F270F8 /* TicketListViewController.swift */,
				42BFD4BB2BA0CF3600D4F424 /* TicketListViewModel.swift */,
			);
			path = TicketListScreen;
			sourceTree = "<group>";
		};
		42BFD4B52BA0BC2700D4F424 /* TableViewCell */ = {
			isa = PBXGroup;
			children = (
				42C26AEF2B8CD25000F270F8 /* TicketListTableViewCell.xib */,
				42C26AEB2B8C99A600F270F8 /* TicketListTableViewCell.swift */,
			);
			path = TableViewCell;
			sourceTree = "<group>";
		};
		42BFD4B62BA0BC5100D4F424 /* TicketInfoScreen */ = {
			isa = PBXGroup;
			children = (
				42BFD4AD2B9C84E500D4F424 /* TicketInfo.storyboard */,
				420145F72B8DC26700A39403 /* TicketInfoViewController.swift */,
				42A0C68F2BA316D400263632 /* TicketInfoViewModel.swift */,
			);
			path = TicketInfoScreen;
			sourceTree = "<group>";
		};
		42BFD4B72BA0BC7500D4F424 /* FavouriteTicketListScreen */ = {
			isa = PBXGroup;
			children = (
				4243135D2B9742F5008DA612 /* FavouriteTicketList.storyboard */,
				4243135F2B97442C008DA612 /* FavouriteTicketListViewController.swift */,
				42A0C69B2BA3704F00263632 /* FavouriteTicketListViewModel.swift */,
			);
			path = FavouriteTicketListScreen;
			sourceTree = "<group>";
		};
		42BFD4B82BA0BCA300D4F424 /* FavouriteTicketInfoScreen */ = {
			isa = PBXGroup;
			children = (
				424313632B9758E1008DA612 /* FavouriteTicketInfo.storyboard */,
				424313652B975A30008DA612 /* FavouriteTicketInfoViewController.swift */,
				42A0C69F2BA9F02200263632 /* FavouriteTicketInfoViewModel.swift */,
			);
			path = FavouriteTicketInfoScreen;
			sourceTree = "<group>";
		};
		42C26AE12B8C8F0D00F270F8 /* Models */ = {
			isa = PBXGroup;
			children = (
				423C4A8C2B90FB830090A75A /* CoreDataModel.xcdatamodeld */,
				42C26AE22B8C8F2700F270F8 /* TicketListModel.swift */,
				42C26AE42B8C8F3E00F270F8 /* TicketInfoModel.swift */,
				42A0C6932BA31B9400263632 /* TicketInfoDisplayModel.swift */,
				424313592B973DB2008DA612 /* Ticket+CoreDataClass.swift */,
				4243135A2B973DB2008DA612 /* Ticket+CoreDataProperties.swift */,
			);
			path = Models;
			sourceTree = "<group>";
		};
		42C26AE82B8C981700F270F8 /* MapEarthScreen */ = {
			isa = PBXGroup;
			children = (
				42BFD4AF2BA082F300D4F424 /* MapEarth.storyboard */,
				42BFD4B12BA084A500D4F424 /* MapEarthViewController.swift */,
			);
			path = MapEarthScreen;
			sourceTree = "<group>";
		};
/* End PBXGroup section */

/* Begin PBXNativeTarget section */
		42BCA55E2B87755200CF3291 /* FinalProject-AviaSearch */ = {
			isa = PBXNativeTarget;
			buildConfigurationList = 42BCA5762B87755400CF3291 /* Build configuration list for PBXNativeTarget "FinalProject-AviaSearch" */;
			buildPhases = (
				42BCA55B2B87755200CF3291 /* Sources */,
				42BCA55C2B87755200CF3291 /* Frameworks */,
				42BCA55D2B87755200CF3291 /* Resources */,
			);
			buildRules = (
			);
			dependencies = (
			);
			name = "FinalProject-AviaSearch";
			productName = "FinalProject-AviaSearch";
			productReference = 42BCA55F2B87755200CF3291 /* FinalProject-AviaSearch.app */;
			productType = "com.apple.product-type.application";
		};
/* End PBXNativeTarget section */

/* Begin PBXProject section */
		42BCA5572B87755200CF3291 /* Project object */ = {
			isa = PBXProject;
			attributes = {
				BuildIndependentTargetsInParallel = 1;
				LastSwiftUpdateCheck = 1500;
				LastUpgradeCheck = 1500;
				TargetAttributes = {
					42BCA55E2B87755200CF3291 = {
						CreatedOnToolsVersion = 15.0.1;
					};
				};
			};
			buildConfigurationList = 42BCA55A2B87755200CF3291 /* Build configuration list for PBXProject "FinalProject-AviaSearch" */;
			compatibilityVersion = "Xcode 14.0";
			developmentRegion = en;
			hasScannedForEncodings = 0;
			knownRegions = (
				en,
				Base,
				ru,
				be,
			);
			mainGroup = 42BCA5562B87755200CF3291;
			productRefGroup = 42BCA5602B87755200CF3291 /* Products */;
			projectDirPath = "";
			projectRoot = "";
			targets = (
				42BCA55E2B87755200CF3291 /* FinalProject-AviaSearch */,
			);
		};
/* End PBXProject section */

/* Begin PBXResourcesBuildPhase section */
		42BCA55D2B87755200CF3291 /* Resources */ = {
			isa = PBXResourcesBuildPhase;
			buildActionMask = 2147483647;
			files = (
				42BCA5722B87755400CF3291 /* LaunchScreen.storyboard in Resources */,
				42BCA57E2B87AF3100CF3291 /* TicketList.storyboard in Resources */,
				42BFD4B02BA082F300D4F424 /* MapEarth.storyboard in Resources */,
				424313642B9758E1008DA612 /* FavouriteTicketInfo.storyboard in Resources */,
				4243135E2B9742F5008DA612 /* FavouriteTicketList.storyboard in Resources */,
				42BCA56F2B87755400CF3291 /* Assets.xcassets in Resources */,
				42C26AF02B8CD25000F270F8 /* TicketListTableViewCell.xib in Resources */,
				42BCA56A2B87755200CF3291 /* Main.storyboard in Resources */,
				42BFD4AE2B9C84E500D4F424 /* TicketInfo.storyboard in Resources */,
			);
			runOnlyForDeploymentPostprocessing = 0;
		};
/* End PBXResourcesBuildPhase section */

/* Begin PBXSourcesBuildPhase section */
		42BCA55B2B87755200CF3291 /* Sources */ = {
			isa = PBXSourcesBuildPhase;
			buildActionMask = 2147483647;
			files = (
				42BFD4BC2BA0CF3600D4F424 /* TicketListViewModel.swift in Sources */,
				42BCA57C2B87A9B800CF3291 /* NetworkService.swift in Sources */,
				42A0C6A02BA9F02200263632 /* FavouriteTicketInfoViewModel.swift in Sources */,
				42A0C69E2BA8710200263632 /* SegmentedControlCases.swift in Sources */,
				42A0C6942BA31B9400263632 /* TicketInfoDisplayModel.swift in Sources */,
				42C26AEC2B8C99A600F270F8 /* TicketListTableViewCell.swift in Sources */,
				424313662B975A30008DA612 /* FavouriteTicketInfoViewController.swift in Sources */,
				42BCA5672B87755200CF3291 /* MainViewController.swift in Sources */,
				42A0C69A2BA366D300263632 /* Alerts.swift in Sources */,
				42A0C6A42BA9F7D400263632 /* BackBarItem.swift in Sources */,
				4243135C2B973DB2008DA612 /* Ticket+CoreDataProperties.swift in Sources */,
				422502FF2B90ECEA00A7281A /* CoreDataService.swift in Sources */,
				42C26AE52B8C8F3E00F270F8 /* TicketInfoModel.swift in Sources */,
				424313602B97442C008DA612 /* FavouriteTicketListViewController.swift in Sources */,
				42BFD4BE2BA0DAF500D4F424 /* Screens.swift in Sources */,
				42A0C6A22BA9F34600263632 /* Animations.swift in Sources */,
				42BFD4B22BA084A500D4F424 /* MapEarthViewController.swift in Sources */,
				42BCA5632B87755200CF3291 /* AppDelegate.swift in Sources */,
				42A0C6902BA316D400263632 /* TicketInfoViewModel.swift in Sources */,
				42BCA5652B87755200CF3291 /* SceneDelegate.swift in Sources */,
				42A0C6962BA361A300263632 /* String.swift in Sources */,
				42C26AE32B8C8F2700F270F8 /* TicketListModel.swift in Sources */,
				42C26AEA2B8C991A00F270F8 /* TicketListViewController.swift in Sources */,
				4243135B2B973DB2008DA612 /* Ticket+CoreDataClass.swift in Sources */,
				420145F82B8DC26700A39403 /* TicketInfoViewController.swift in Sources */,
				42BFD4BA2BA0BD0C00D4F424 /* LocationService.swift in Sources */,
				42A0C69C2BA3704F00263632 /* FavouriteTicketListViewModel.swift in Sources */,
				423C4A8E2B90FB830090A75A /* CoreDataModel.xcdatamodeld in Sources */,
			);
			runOnlyForDeploymentPostprocessing = 0;
		};
/* End PBXSourcesBuildPhase section */

/* Begin PBXVariantGroup section */
		42BCA5682B87755200CF3291 /* Main.storyboard */ = {
			isa = PBXVariantGroup;
			children = (
				42BCA5692B87755200CF3291 /* Base */,
			);
			name = Main.storyboard;
			sourceTree = "<group>";
		};
		42BCA5702B87755400CF3291 /* LaunchScreen.storyboard */ = {
			isa = PBXVariantGroup;
			children = (
				42BCA5712B87755400CF3291 /* Base */,
				42BFD4A82B9A406400D4F424 /* ru */,
				42BFD4AB2B9A407500D4F424 /* be */,
			);
			name = LaunchScreen.storyboard;
			sourceTree = "<group>";
		};
/* End PBXVariantGroup section */

/* Begin XCBuildConfiguration section */
		42BCA5742B87755400CF3291 /* Debug */ = {
			isa = XCBuildConfiguration;
			buildSettings = {
				ALWAYS_SEARCH_USER_PATHS = NO;
				ASSETCATALOG_COMPILER_GENERATE_SWIFT_ASSET_SYMBOL_EXTENSIONS = YES;
				CLANG_ANALYZER_LOCALIZABILITY_NONLOCALIZED = YES;
				CLANG_ANALYZER_NONNULL = YES;
				CLANG_ANALYZER_NUMBER_OBJECT_CONVERSION = YES_AGGRESSIVE;
				CLANG_CXX_LANGUAGE_STANDARD = "gnu++20";
				CLANG_ENABLE_MODULES = YES;
				CLANG_ENABLE_OBJC_ARC = YES;
				CLANG_ENABLE_OBJC_WEAK = YES;
				CLANG_WARN_BLOCK_CAPTURE_AUTORELEASING = YES;
				CLANG_WARN_BOOL_CONVERSION = YES;
				CLANG_WARN_COMMA = YES;
				CLANG_WARN_CONSTANT_CONVERSION = YES;
				CLANG_WARN_DEPRECATED_OBJC_IMPLEMENTATIONS = YES;
				CLANG_WARN_DIRECT_OBJC_ISA_USAGE = YES_ERROR;
				CLANG_WARN_DOCUMENTATION_COMMENTS = YES;
				CLANG_WARN_EMPTY_BODY = YES;
				CLANG_WARN_ENUM_CONVERSION = YES;
				CLANG_WARN_INFINITE_RECURSION = YES;
				CLANG_WARN_INT_CONVERSION = YES;
				CLANG_WARN_NON_LITERAL_NULL_CONVERSION = YES;
				CLANG_WARN_OBJC_IMPLICIT_RETAIN_SELF = YES;
				CLANG_WARN_OBJC_LITERAL_CONVERSION = YES;
				CLANG_WARN_OBJC_ROOT_CLASS = YES_ERROR;
				CLANG_WARN_QUOTED_INCLUDE_IN_FRAMEWORK_HEADER = YES;
				CLANG_WARN_RANGE_LOOP_ANALYSIS = YES;
				CLANG_WARN_STRICT_PROTOTYPES = YES;
				CLANG_WARN_SUSPICIOUS_MOVE = YES;
				CLANG_WARN_UNGUARDED_AVAILABILITY = YES_AGGRESSIVE;
				CLANG_WARN_UNREACHABLE_CODE = YES;
				CLANG_WARN__DUPLICATE_METHOD_MATCH = YES;
				COPY_PHASE_STRIP = NO;
				DEBUG_INFORMATION_FORMAT = dwarf;
				ENABLE_STRICT_OBJC_MSGSEND = YES;
				ENABLE_TESTABILITY = YES;
				ENABLE_USER_SCRIPT_SANDBOXING = YES;
				GCC_C_LANGUAGE_STANDARD = gnu17;
				GCC_DYNAMIC_NO_PIC = NO;
				GCC_NO_COMMON_BLOCKS = YES;
				GCC_OPTIMIZATION_LEVEL = 0;
				GCC_PREPROCESSOR_DEFINITIONS = (
					"DEBUG=1",
					"$(inherited)",
				);
				GCC_WARN_64_TO_32_BIT_CONVERSION = YES;
				GCC_WARN_ABOUT_RETURN_TYPE = YES_ERROR;
				GCC_WARN_UNDECLARED_SELECTOR = YES;
				GCC_WARN_UNINITIALIZED_AUTOS = YES_AGGRESSIVE;
				GCC_WARN_UNUSED_FUNCTION = YES;
				GCC_WARN_UNUSED_VARIABLE = YES;
				IPHONEOS_DEPLOYMENT_TARGET = 17.0;
				LOCALIZATION_PREFERS_STRING_CATALOGS = YES;
				MTL_ENABLE_DEBUG_INFO = INCLUDE_SOURCE;
				MTL_FAST_MATH = YES;
				ONLY_ACTIVE_ARCH = YES;
				SDKROOT = iphoneos;
				SWIFT_ACTIVE_COMPILATION_CONDITIONS = "DEBUG $(inherited)";
				SWIFT_OPTIMIZATION_LEVEL = "-Onone";
			};
			name = Debug;
		};
		42BCA5752B87755400CF3291 /* Release */ = {
			isa = XCBuildConfiguration;
			buildSettings = {
				ALWAYS_SEARCH_USER_PATHS = NO;
				ASSETCATALOG_COMPILER_GENERATE_SWIFT_ASSET_SYMBOL_EXTENSIONS = YES;
				CLANG_ANALYZER_LOCALIZABILITY_NONLOCALIZED = YES;
				CLANG_ANALYZER_NONNULL = YES;
				CLANG_ANALYZER_NUMBER_OBJECT_CONVERSION = YES_AGGRESSIVE;
				CLANG_CXX_LANGUAGE_STANDARD = "gnu++20";
				CLANG_ENABLE_MODULES = YES;
				CLANG_ENABLE_OBJC_ARC = YES;
				CLANG_ENABLE_OBJC_WEAK = YES;
				CLANG_WARN_BLOCK_CAPTURE_AUTORELEASING = YES;
				CLANG_WARN_BOOL_CONVERSION = YES;
				CLANG_WARN_COMMA = YES;
				CLANG_WARN_CONSTANT_CONVERSION = YES;
				CLANG_WARN_DEPRECATED_OBJC_IMPLEMENTATIONS = YES;
				CLANG_WARN_DIRECT_OBJC_ISA_USAGE = YES_ERROR;
				CLANG_WARN_DOCUMENTATION_COMMENTS = YES;
				CLANG_WARN_EMPTY_BODY = YES;
				CLANG_WARN_ENUM_CONVERSION = YES;
				CLANG_WARN_INFINITE_RECURSION = YES;
				CLANG_WARN_INT_CONVERSION = YES;
				CLANG_WARN_NON_LITERAL_NULL_CONVERSION = YES;
				CLANG_WARN_OBJC_IMPLICIT_RETAIN_SELF = YES;
				CLANG_WARN_OBJC_LITERAL_CONVERSION = YES;
				CLANG_WARN_OBJC_ROOT_CLASS = YES_ERROR;
				CLANG_WARN_QUOTED_INCLUDE_IN_FRAMEWORK_HEADER = YES;
				CLANG_WARN_RANGE_LOOP_ANALYSIS = YES;
				CLANG_WARN_STRICT_PROTOTYPES = YES;
				CLANG_WARN_SUSPICIOUS_MOVE = YES;
				CLANG_WARN_UNGUARDED_AVAILABILITY = YES_AGGRESSIVE;
				CLANG_WARN_UNREACHABLE_CODE = YES;
				CLANG_WARN__DUPLICATE_METHOD_MATCH = YES;
				COPY_PHASE_STRIP = NO;
				DEBUG_INFORMATION_FORMAT = "dwarf-with-dsym";
				ENABLE_NS_ASSERTIONS = NO;
				ENABLE_STRICT_OBJC_MSGSEND = YES;
				ENABLE_USER_SCRIPT_SANDBOXING = YES;
				GCC_C_LANGUAGE_STANDARD = gnu17;
				GCC_NO_COMMON_BLOCKS = YES;
				GCC_WARN_64_TO_32_BIT_CONVERSION = YES;
				GCC_WARN_ABOUT_RETURN_TYPE = YES_ERROR;
				GCC_WARN_UNDECLARED_SELECTOR = YES;
				GCC_WARN_UNINITIALIZED_AUTOS = YES_AGGRESSIVE;
				GCC_WARN_UNUSED_FUNCTION = YES;
				GCC_WARN_UNUSED_VARIABLE = YES;
				IPHONEOS_DEPLOYMENT_TARGET = 17.0;
				LOCALIZATION_PREFERS_STRING_CATALOGS = YES;
				MTL_ENABLE_DEBUG_INFO = NO;
				MTL_FAST_MATH = YES;
				SDKROOT = iphoneos;
				SWIFT_COMPILATION_MODE = wholemodule;
				VALIDATE_PRODUCT = YES;
			};
			name = Release;
		};
		42BCA5772B87755400CF3291 /* Debug */ = {
			isa = XCBuildConfiguration;
			buildSettings = {
				ASSETCATALOG_COMPILER_APPICON_NAME = AppIcon;
				ASSETCATALOG_COMPILER_GLOBAL_ACCENT_COLOR_NAME = AccentColor;
				CODE_SIGN_STYLE = Automatic;
				CURRENT_PROJECT_VERSION = 1;
				DEVELOPMENT_TEAM = 5QQ4PX79VS;
				GENERATE_INFOPLIST_FILE = YES;
				INFOPLIST_FILE = "FinalProject-AviaSearch/Info.plist";
				INFOPLIST_KEY_UIApplicationSupportsIndirectInputEvents = YES;
				INFOPLIST_KEY_UILaunchStoryboardName = LaunchScreen;
				INFOPLIST_KEY_UIMainStoryboardFile = Main;
				INFOPLIST_KEY_UISupportedInterfaceOrientations_iPad = "UIInterfaceOrientationPortrait UIInterfaceOrientationPortraitUpsideDown UIInterfaceOrientationLandscapeLeft UIInterfaceOrientationLandscapeRight";
				INFOPLIST_KEY_UISupportedInterfaceOrientations_iPhone = "UIInterfaceOrientationPortrait UIInterfaceOrientationLandscapeLeft UIInterfaceOrientationLandscapeRight";
				LD_RUNPATH_SEARCH_PATHS = (
					"$(inherited)",
					"@executable_path/Frameworks",
				);
				MARKETING_VERSION = 1.0;
				PRODUCT_BUNDLE_IDENTIFIER = "Home.FinalProject-AviaSearch";
				PRODUCT_NAME = "$(TARGET_NAME)";
				SWIFT_EMIT_LOC_STRINGS = YES;
				SWIFT_VERSION = 5.0;
				TARGETED_DEVICE_FAMILY = "1,2";
			};
			name = Debug;
		};
		42BCA5782B87755400CF3291 /* Release */ = {
			isa = XCBuildConfiguration;
			buildSettings = {
				ASSETCATALOG_COMPILER_APPICON_NAME = AppIcon;
				ASSETCATALOG_COMPILER_GLOBAL_ACCENT_COLOR_NAME = AccentColor;
				CODE_SIGN_STYLE = Automatic;
				CURRENT_PROJECT_VERSION = 1;
				DEVELOPMENT_TEAM = 5QQ4PX79VS;
				GENERATE_INFOPLIST_FILE = YES;
				INFOPLIST_FILE = "FinalProject-AviaSearch/Info.plist";
				INFOPLIST_KEY_UIApplicationSupportsIndirectInputEvents = YES;
				INFOPLIST_KEY_UILaunchStoryboardName = LaunchScreen;
				INFOPLIST_KEY_UIMainStoryboardFile = Main;
				INFOPLIST_KEY_UISupportedInterfaceOrientations_iPad = "UIInterfaceOrientationPortrait UIInterfaceOrientationPortraitUpsideDown UIInterfaceOrientationLandscapeLeft UIInterfaceOrientationLandscapeRight";
				INFOPLIST_KEY_UISupportedInterfaceOrientations_iPhone = "UIInterfaceOrientationPortrait UIInterfaceOrientationLandscapeLeft UIInterfaceOrientationLandscapeRight";
				LD_RUNPATH_SEARCH_PATHS = (
					"$(inherited)",
					"@executable_path/Frameworks",
				);
				MARKETING_VERSION = 1.0;
				PRODUCT_BUNDLE_IDENTIFIER = "Home.FinalProject-AviaSearch";
				PRODUCT_NAME = "$(TARGET_NAME)";
				SWIFT_EMIT_LOC_STRINGS = YES;
				SWIFT_VERSION = 5.0;
				TARGETED_DEVICE_FAMILY = "1,2";
			};
			name = Release;
		};
/* End XCBuildConfiguration section */

/* Begin XCConfigurationList section */
		42BCA55A2B87755200CF3291 /* Build configuration list for PBXProject "FinalProject-AviaSearch" */ = {
			isa = XCConfigurationList;
			buildConfigurations = (
				42BCA5742B87755400CF3291 /* Debug */,
				42BCA5752B87755400CF3291 /* Release */,
			);
			defaultConfigurationIsVisible = 0;
			defaultConfigurationName = Release;
		};
		42BCA5762B87755400CF3291 /* Build configuration list for PBXNativeTarget "FinalProject-AviaSearch" */ = {
			isa = XCConfigurationList;
			buildConfigurations = (
				42BCA5772B87755400CF3291 /* Debug */,
				42BCA5782B87755400CF3291 /* Release */,
			);
			defaultConfigurationIsVisible = 0;
			defaultConfigurationName = Release;
		};
/* End XCConfigurationList section */

/* Begin XCVersionGroup section */
		423C4A8C2B90FB830090A75A /* CoreDataModel.xcdatamodeld */ = {
			isa = XCVersionGroup;
			children = (
				423C4A8D2B90FB830090A75A /* CoreDataModel.xcdatamodel */,
			);
			currentVersion = 423C4A8D2B90FB830090A75A /* CoreDataModel.xcdatamodel */;
			path = CoreDataModel.xcdatamodeld;
			sourceTree = "<group>";
			versionGroupType = wrapper.xcdatamodel;
		};
/* End XCVersionGroup section */
	};
	rootObject = 42BCA5572B87755200CF3291 /* Project object */;
}
